
Microsoft Visual Studio Solution File, Format Version 12.00
# Visual Studio Version 17
VisualStudioVersion = 17.7.34031.279
MinimumVisualStudioVersion = 10.0.40219.1
Project("{FAE04EC0-301F-11D3-BF4B-00C04F79EFBC}") = "app-1", "app-1\app-1.csproj", "{C96E2F76-9E4E-4387-AE67-9787742785E0}"
EndProject
Project("{FAE04EC0-301F-11D3-BF4B-00C04F79EFBC}") = "app-2", "app-2\app-2.csproj", "{730F1E4C-73C4-440A-B07F-4C5738D02F1C}"
EndProject
Project("{FAE04EC0-301F-11D3-BF4B-00C04F79EFBC}") = "app-3", "app-3\app-3.csproj", "{E86F476A-BFEE-41B7-BDCB-0443B0992101}"
EndProject
Project("{FAE04EC0-301F-11D3-BF4B-00C04F79EFBC}") = "app-4", "app-4\app-4.csproj", "{00BE60D0-D616-46FE-92AB-9F132AD4002B}"
EndProject
Project("{FAE04EC0-301F-11D3-BF4B-00C04F79EFBC}") = "app-5", "app-5\app-5.csproj", "{AE42535E-BCE2-43DB-A063-1CAD230F41BC}"
EndProject
Global
	GlobalSection(SolutionConfigurationPlatforms) = preSolution
		Debug|Any CPU = Debug|Any CPU
		Release|Any CPU = Release|Any CPU
	EndGlobalSection
	GlobalSection(ProjectConfigurationPlatforms) = postSolution
		{C96E2F76-9E4E-4387-AE67-9787742785E0}.Debug|Any CPU.ActiveCfg = Debug|Any CPU
		{C96E2F76-9E4E-4387-AE67-9787742785E0}.Debug|Any CPU.Build.0 = Debug|Any CPU
		{C96E2F76-9E4E-4387-AE67-9787742785E0}.Release|Any CPU.ActiveCfg = Release|Any CPU
		{C96E2F76-9E4E-4387-AE67-9787742785E0}.Release|Any CPU.Build.0 = Release|Any CPU
		{730F1E4C-73C4-440A-B07F-4C5738D02F1C}.Debug|Any CPU.ActiveCfg = Debug|Any CPU
		{730F1E4C-73C4-440A-B07F-4C5738D02F1C}.Debug|Any CPU.Build.0 = Debug|Any CPU
		{730F1E4C-73C4-440A-B07F-4C5738D02F1C}.Release|Any CPU.ActiveCfg = Release|Any CPU
		{730F1E4C-73C4-440A-B07F-4C5738D02F1C}.Release|Any CPU.Build.0 = Release|Any CPU
		{E86F476A-BFEE-41B7-BDCB-0443B0992101}.Debug|Any CPU.ActiveCfg = Debug|Any CPU
		{E86F476A-BFEE-41B7-BDCB-0443B0992101}.Debug|Any CPU.Build.0 = Debug|Any CPU
		{E86F476A-BFEE-41B7-BDCB-0443B0992101}.Release|Any CPU.ActiveCfg = Release|Any CPU
		{E86F476A-BFEE-41B7-BDCB-0443B0992101}.Release|Any CPU.Build.0 = Release|Any CPU
		{00BE60D0-D616-46FE-92AB-9F132AD4002B}.Debug|Any CPU.ActiveCfg = Debug|Any CPU
		{00BE60D0-D616-46FE-92AB-9F132AD4002B}.Debug|Any CPU.Build.0 = Debug|Any CPU
		{00BE60D0-D616-46FE-92AB-9F132AD4002B}.Release|Any CPU.ActiveCfg = Release|Any CPU
		{00BE60D0-D616-46FE-92AB-9F132AD4002B}.Release|Any CPU.Build.0 = Release|Any CPU
		{AE42535E-BCE2-43DB-A063-1CAD230F41BC}.Debug|Any CPU.ActiveCfg = Debug|Any CPU
		{AE42535E-BCE2-43DB-A063-1CAD230F41BC}.Debug|Any CPU.Build.0 = Debug|Any CPU
		{AE42535E-BCE2-43DB-A063-1CAD230F41BC}.Release|Any CPU.ActiveCfg = Release|Any CPU
		{AE42535E-BCE2-43DB-A063-1CAD230F41BC}.Release|Any CPU.Build.0 = Release|Any CPU
	EndGlobalSection
	GlobalSection(SolutionProperties) = preSolution
		HideSolutionNode = FALSE
	EndGlobalSection
	GlobalSection(ExtensibilityGlobals) = postSolution
		SolutionGuid = {EF1725FE-4DB8-4C33-9CEC-AA24EE7328A8}
	EndGlobalSection
EndGlobal
