
Microsoft Visual Studio Solution File, Format Version 12.00
# Visual Studio Version 17
VisualStudioVersion = 17.7.34031.279
MinimumVisualStudioVersion = 10.0.40219.1
Project("{FAE04EC0-301F-11D3-BF4B-00C04F79EFBC}") = "primer-practica", "primer-practica\primer-practica.csproj", "{E114571C-F13E-45B2-B0ED-501C1D7339B3}"
EndProject
Project("{FAE04EC0-301F-11D3-BF4B-00C04F79EFBC}") = "segunda-practica", "segunda-practica\segunda-practica.csproj", "{A1BFA4C1-60A7-4892-9A88-7E31E489FFDA}"
EndProject
Global
	GlobalSection(SolutionConfigurationPlatforms) = preSolution
		Debug|Any CPU = Debug|Any CPU
		Release|Any CPU = Release|Any CPU
	EndGlobalSection
	GlobalSection(ProjectConfigurationPlatforms) = postSolution
		{E114571C-F13E-45B2-B0ED-501C1D7339B3}.Debug|Any CPU.ActiveCfg = Debug|Any CPU
		{E114571C-F13E-45B2-B0ED-501C1D7339B3}.Debug|Any CPU.Build.0 = Debug|Any CPU
		{E114571C-F13E-45B2-B0ED-501C1D7339B3}.Release|Any CPU.ActiveCfg = Release|Any CPU
		{E114571C-F13E-45B2-B0ED-501C1D7339B3}.Release|Any CPU.Build.0 = Release|Any CPU
		{A1BFA4C1-60A7-4892-9A88-7E31E489FFDA}.Debug|Any CPU.ActiveCfg = Debug|Any CPU
		{A1BFA4C1-60A7-4892-9A88-7E31E489FFDA}.Debug|Any CPU.Build.0 = Debug|Any CPU
		{A1BFA4C1-60A7-4892-9A88-7E31E489FFDA}.Release|Any CPU.ActiveCfg = Release|Any CPU
		{A1BFA4C1-60A7-4892-9A88-7E31E489FFDA}.Release|Any CPU.Build.0 = Release|Any CPU
	EndGlobalSection
	GlobalSection(SolutionProperties) = preSolution
		HideSolutionNode = FALSE
	EndGlobalSection
	GlobalSection(ExtensibilityGlobals) = postSolution
		SolutionGuid = {F39FCB77-2243-4653-9023-F715F94057B8}
	EndGlobalSection
EndGlobal
